
Microsoft Visual Studio Solution File, Format Version 12.00
# Visual Studio 2012
Project("{FAE04EC0-301F-11D3-BF4B-00C04F79EFBC}") = "myPlaceCode", "myPlaceCode\myPlaceCode.csproj", "{3E86C6C8-8700-41DD-BDCC-C1FFC34CF602}"
EndProject
Global
	GlobalSection(SolutionConfigurationPlatforms) = preSolution
		Debug|Any CPU = Debug|Any CPU
		Debug|x64 = Debug|x64
		Release|Any CPU = Release|Any CPU
		Release|x64 = Release|x64
	EndGlobalSection
	GlobalSection(ProjectConfigurationPlatforms) = postSolution
		{3E86C6C8-8700-41DD-BDCC-C1FFC34CF602}.Debug|Any CPU.ActiveCfg = Debug|Any CPU
		{3E86C6C8-8700-41DD-BDCC-C1FFC34CF602}.Debug|Any CPU.Build.0 = Debug|Any CPU
		{3E86C6C8-8700-41DD-BDCC-C1FFC34CF602}.Debug|x64.ActiveCfg = Debug|x64
		{3E86C6C8-8700-41DD-BDCC-C1FFC34CF602}.Debug|x64.Build.0 = Debug|x64
		{3E86C6C8-8700-41DD-BDCC-C1FFC34CF602}.Release|Any CPU.ActiveCfg = Release|Any CPU
		{3E86C6C8-8700-41DD-BDCC-C1FFC34CF602}.Release|Any CPU.Build.0 = Release|Any CPU
		{3E86C6C8-8700-41DD-BDCC-C1FFC34CF602}.Release|x64.ActiveCfg = Release|x64
		{3E86C6C8-8700-41DD-BDCC-C1FFC34CF602}.Release|x64.Build.0 = Release|x64
	EndGlobalSection
	GlobalSection(SolutionProperties) = preSolution
		HideSolutionNode = FALSE
	EndGlobalSection
EndGlobal
